
Microsoft Visual Studio Solution File, Format Version 12.00
# Visual Studio Version 17
VisualStudioVersion = 17.2.32519.379
MinimumVisualStudioVersion = 10.0.40219.1
Project("{9A19103F-16F7-4668-BE54-9A1E7A4F7556}") = "RandomSkunk.JSInterop", "RandomSkunk.JSInterop\RandomSkunk.JSInterop.csproj", "{C320EC3F-BE44-448F-B75E-02393ECCAD72}"
EndProject
Project("{2150E333-8FDC-42A3-9474-1A3956D46DE8}") = "Solution Items", "Solution Items", "{7E1694B0-1DDF-4B6F-997E-F09582446BDF}"
	ProjectSection(SolutionItems) = preProject
		.editorconfig = .editorconfig
		Directory.Build.targets = Directory.Build.targets
		README.md = README.md
		stylecop.json = stylecop.json
	EndProjectSection
EndProject
Project("{FAE04EC0-301F-11D3-BF4B-00C04F79EFBC}") = "RandomSkunk.JSInterop.Tests", "RandomSkunk.JSInterop.Tests\RandomSkunk.JSInterop.Tests.csproj", "{4A4D2FFF-01FF-47F2-940F-25EDE597C2FC}"
EndProject
Project("{2150E333-8FDC-42A3-9474-1A3956D46DE8}") = "Tests", "Tests", "{415C1B45-E331-4BBB-8486-1DF6CCC6F93C}"
EndProject
Global
	GlobalSection(SolutionConfigurationPlatforms) = preSolution
		Debug|Any CPU = Debug|Any CPU
		Release|Any CPU = Release|Any CPU
	EndGlobalSection
	GlobalSection(ProjectConfigurationPlatforms) = postSolution
		{C320EC3F-BE44-448F-B75E-02393ECCAD72}.Debug|Any CPU.ActiveCfg = Debug|Any CPU
		{C320EC3F-BE44-448F-B75E-02393ECCAD72}.Debug|Any CPU.Build.0 = Debug|Any CPU
		{C320EC3F-BE44-448F-B75E-02393ECCAD72}.Release|Any CPU.ActiveCfg = Release|Any CPU
		{C320EC3F-BE44-448F-B75E-02393ECCAD72}.Release|Any CPU.Build.0 = Release|Any CPU
		{4A4D2FFF-01FF-47F2-940F-25EDE597C2FC}.Debug|Any CPU.ActiveCfg = Debug|Any CPU
		{4A4D2FFF-01FF-47F2-940F-25EDE597C2FC}.Debug|Any CPU.Build.0 = Debug|Any CPU
		{4A4D2FFF-01FF-47F2-940F-25EDE597C2FC}.Release|Any CPU.ActiveCfg = Release|Any CPU
		{4A4D2FFF-01FF-47F2-940F-25EDE597C2FC}.Release|Any CPU.Build.0 = Release|Any CPU
	EndGlobalSection
	GlobalSection(SolutionProperties) = preSolution
		HideSolutionNode = FALSE
	EndGlobalSection
	GlobalSection(NestedProjects) = preSolution
		{4A4D2FFF-01FF-47F2-940F-25EDE597C2FC} = {415C1B45-E331-4BBB-8486-1DF6CCC6F93C}
	EndGlobalSection
	GlobalSection(ExtensibilityGlobals) = postSolution
		SolutionGuid = {7342293E-43C5-4304-BBB0-3EE527181D1D}
	EndGlobalSection
EndGlobal
